// !$*UTF8*$!
{
	archiveVersion = 1;
	classes = {
	};
	objectVersion = 46;
	objects = {

/* Begin PBXBuildFile section */
		D7807C3619F1F8CD0082A3DE /* main.m in Sources */ = {isa = PBXBuildFile; fileRef = D7807C3519F1F8CD0082A3DE /* main.m */; };
		D7807C3919F1F8CD0082A3DE /* AppDelegate.m in Sources */ = {isa = PBXBuildFile; fileRef = D7807C3819F1F8CD0082A3DE /* AppDelegate.m */; };
		D7807C3C19F1F8CD0082A3DE /* ViewController.m in Sources */ = {isa = PBXBuildFile; fileRef = D7807C3B19F1F8CD0082A3DE /* ViewController.m */; };
		D7807C3F19F1F8CD0082A3DE /* Main.storyboard in Resources */ = {isa = PBXBuildFile; fileRef = D7807C3D19F1F8CD0082A3DE /* Main.storyboard */; };
		D7807C4119F1F8CD0082A3DE /* Images.xcassets in Resources */ = {isa = PBXBuildFile; fileRef = D7807C4019F1F8CD0082A3DE /* Images.xcassets */; };
		D7807C4419F1F8CD0082A3DE /* LaunchScreen.xib in Resources */ = {isa = PBXBuildFile; fileRef = D7807C4219F1F8CD0082A3DE /* LaunchScreen.xib */; };
		D7807C5019F1F8CD0082A3DE /* LoginTests.m in Sources */ = {isa = PBXBuildFile; fileRef = D7807C4F19F1F8CD0082A3DE /* LoginTests.m */; };
/* End PBXBuildFile section */

/* Begin PBXContainerItemProxy section */
		D7807C4A19F1F8CD0082A3DE /* PBXContainerItemProxy */ = {
			isa = PBXContainerItemProxy;
			containerPortal = D7807C2819F1F8CD0082A3DE /* Project object */;
			proxyType = 1;
			remoteGlobalIDString = D7807C2F19F1F8CD0082A3DE;
			remoteInfo = Login;
		};
/* End PBXContainerItemProxy section */

/* Begin PBXFileReference section */
		D7807C3019F1F8CD0082A3DE /* Login.app */ = {isa = PBXFileReference; explicitFileType = wrapper.application; includeInIndex = 0; path = Login.app; sourceTree = BUILT_PRODUCTS_DIR; };
		D7807C3419F1F8CD0082A3DE /* Info.plist */ = {isa = PBXFileReference; lastKnownFileType = text.plist.xml; path = Info.plist; sourceTree = "<group>"; };
		D7807C3519F1F8CD0082A3DE /* main.m */ = {isa = PBXFileReference; lastKnownFileType = sourcecode.c.objc; path = main.m; sourceTree = "<group>"; };
		D7807C3719F1F8CD0082A3DE /* AppDelegate.h */ = {isa = PBXFileReference; lastKnownFileType = sourcecode.c.h; path = AppDelegate.h; sourceTree = "<group>"; };
		D7807C3819F1F8CD0082A3DE /* AppDelegate.m */ = {isa = PBXFileReference; lastKnownFileType = sourcecode.c.objc; path = AppDelegate.m; sourceTree = "<group>"; };
		D7807C3A19F1F8CD0082A3DE /* ViewController.h */ = {isa = PBXFileReference; lastKnownFileType = sourcecode.c.h; path = ViewController.h; sourceTree = "<group>"; };
		D7807C3B19F1F8CD0082A3DE /* ViewController.m */ = {isa = PBXFileReference; lastKnownFileType = sourcecode.c.objc; path = ViewController.m; sourceTree = "<group>"; };
		D7807C3E19F1F8CD0082A3DE /* Base */ = {isa = PBXFileReference; lastKnownFileType = file.storyboard; name = Base; path = Base.lproj/Main.storyboard; sourceTree = "<group>"; };
		D7807C4019F1F8CD0082A3DE /* Images.xcassets */ = {isa = PBXFileReference; lastKnownFileType = folder.assetcatalog; path = Images.xcassets; sourceTree = "<group>"; };
		D7807C4319F1F8CD0082A3DE /* Base */ = {isa = PBXFileReference; lastKnownFileType = file.xib; name = Base; path = Base.lproj/LaunchScreen.xib; sourceTree = "<group>"; };
		D7807C4919F1F8CD0082A3DE /* LoginTests.xctest */ = {isa = PBXFileReference; explicitFileType = wrapper.cfbundle; includeInIndex = 0; path = LoginTests.xctest; sourceTree = BUILT_PRODUCTS_DIR; };
		D7807C4E19F1F8CD0082A3DE /* Info.plist */ = {isa = PBXFileReference; lastKnownFileType = text.plist.xml; path = Info.plist; sourceTree = "<group>"; };
		D7807C4F19F1F8CD0082A3DE /* LoginTests.m */ = {isa = PBXFileReference; lastKnownFileType = sourcecode.c.objc; path = LoginTests.m; sourceTree = "<group>"; };
/* End PBXFileReference section */

/* Begin PBXFrameworksBuildPhase section */
		D7807C2D19F1F8CD0082A3DE /* Frameworks */ = {
			isa = PBXFrameworksBuildPhase;
			buildActionMask = 2147483647;
			files = (
			);
			runOnlyForDeploymentPostprocessing = 0;
		};
		D7807C4619F1F8CD0082A3DE /* Frameworks */ = {
			isa = PBXFrameworksBuildPhase;
			buildActionMask = 2147483647;
			files = (
			);
			runOnlyForDeploymentPostprocessing = 0;
		};
/* End PBXFrameworksBuildPhase section */

/* Begin PBXGroup section */
		D7807C2719F1F8CD0082A3DE = {
			isa = PBXGroup;
			children = (
				D7807C3219F1F8CD0082A3DE /* Login */,
				D7807C4C19F1F8CD0082A3DE /* LoginTests */,
				D7807C3119F1F8CD0082A3DE /* Products */,
			);
			sourceTree = "<group>";
		};
		D7807C3119F1F8CD0082A3DE /* Products */ = {
			isa = PBXGroup;
			children = (
				D7807C3019F1F8CD0082A3DE /* Login.app */,
				D7807C4919F1F8CD0082A3DE /* LoginTests.xctest */,
			);
			name = Products;
			sourceTree = "<group>";
		};
		D7807C3219F1F8CD0082A3DE /* Login */ = {
			isa = PBXGroup;
			children = (
				D7807C3719F1F8CD0082A3DE /* AppDelegate.h */,
				D7807C3819F1F8CD0082A3DE /* AppDelegate.m */,
				D7807C3A19F1F8CD0082A3DE /* ViewController.h */,
				D7807C3B19F1F8CD0082A3DE /* ViewController.m */,
				D7807C3D19F1F8CD0082A3DE /* Main.storyboard */,
				D7807C4019F1F8CD0082A3DE /* Images.xcassets */,
				D7807C4219F1F8CD0082A3DE /* LaunchScreen.xib */,
				D7807C3319F1F8CD0082A3DE /* Supporting Files */,
			);
			path = Login;
			sourceTree = "<group>";
		};
		D7807C3319F1F8CD0082A3DE /* Supporting Files */ = {
			isa = PBXGroup;
			children = (
				D7807C3419F1F8CD0082A3DE /* Info.plist */,
				D7807C3519F1F8CD0082A3DE /* main.m */,
			);
			name = "Supporting Files";
			sourceTree = "<group>";
		};
		D7807C4C19F1F8CD0082A3DE /* LoginTests */ = {
			isa = PBXGroup;
			children = (
				D7807C4F19F1F8CD0082A3DE /* LoginTests.m */,
				D7807C4D19F1F8CD0082A3DE /* Supporting Files */,
			);
			path = LoginTests;
			sourceTree = "<group>";
		};
		D7807C4D19F1F8CD0082A3DE /* Supporting Files */ = {
			isa = PBXGroup;
			children = (
				D7807C4E19F1F8CD0082A3DE /* Info.plist */,
			);
			name = "Supporting Files";
			sourceTree = "<group>";
		};
/* End PBXGroup section */

/* Begin PBXNativeTarget section */
		D7807C2F19F1F8CD0082A3DE /* Login */ = {
			isa = PBXNativeTarget;
			buildConfigurationList = D7807C5319F1F8CD0082A3DE /* Build configuration list for PBXNativeTarget "Login" */;
			buildPhases = (
				D7807C2C19F1F8CD0082A3DE /* Sources */,
				D7807C2D19F1F8CD0082A3DE /* Frameworks */,
				D7807C2E19F1F8CD0082A3DE /* Resources */,
			);
			buildRules = (
			);
			dependencies = (
			);
			name = Login;
			productName = Login;
			productReference = D7807C3019F1F8CD0082A3DE /* Login.app */;
			productType = "com.apple.product-type.application";
		};
		D7807C4819F1F8CD0082A3DE /* LoginTests */ = {
			isa = PBXNativeTarget;
			buildConfigurationList = D7807C5619F1F8CD0082A3DE /* Build configuration list for PBXNativeTarget "LoginTests" */;
			buildPhases = (
				D7807C4519F1F8CD0082A3DE /* Sources */,
				D7807C4619F1F8CD0082A3DE /* Frameworks */,
				D7807C4719F1F8CD0082A3DE /* Resources */,
			);
			buildRules = (
			);
			dependencies = (
				D7807C4B19F1F8CD0082A3DE /* PBXTargetDependency */,
			);
			name = LoginTests;
			productName = LoginTests;
			productReference = D7807C4919F1F8CD0082A3DE /* LoginTests.xctest */;
			productType = "com.apple.product-type.bundle.unit-test";
		};
/* End PBXNativeTarget section */

/* Begin PBXProject section */
		D7807C2819F1F8CD0082A3DE /* Project object */ = {
			isa = PBXProject;
			attributes = {
				LastUpgradeCheck = 0600;
				ORGANIZATIONNAME = Dev;
				TargetAttributes = {
					D7807C2F19F1F8CD0082A3DE = {
						CreatedOnToolsVersion = 6.0.1;
					};
					D7807C4819F1F8CD0082A3DE = {
						CreatedOnToolsVersion = 6.0.1;
						TestTargetID = D7807C2F19F1F8CD0082A3DE;
					};
				};
			};
			buildConfigurationList = D7807C2B19F1F8CD0082A3DE /* Build configuration list for PBXProject "Login" */;
			compatibilityVersion = "Xcode 3.2";
			developmentRegion = English;
			hasScannedForEncodings = 0;
			knownRegions = (
				en,
				Base,
			);
			mainGroup = D7807C2719F1F8CD0082A3DE;
			productRefGroup = D7807C3119F1F8CD0082A3DE /* Products */;
			projectDirPath = "";
			projectRoot = "";
			targets = (
				D7807C2F19F1F8CD0082A3DE /* Login */,
				D7807C4819F1F8CD0082A3DE /* LoginTests */,
			);
		};
/* End PBXProject section */

/* Begin PBXResourcesBuildPhase section */
		D7807C2E19F1F8CD0082A3DE /* Resources */ = {
			isa = PBXResourcesBuildPhase;
			buildActionMask = 2147483647;
			files = (
				D7807C3F19F1F8CD0082A3DE /* Main.storyboard in Resources */,
				D7807C4419F1F8CD0082A3DE /* LaunchScreen.xib in Resources */,
				D7807C4119F1F8CD0082A3DE /* Images.xcassets in Resources */,
			);
			runOnlyForDeploymentPostprocessing = 0;
		};
		D7807C4719F1F8CD0082A3DE /* Resources */ = {
			isa = PBXResourcesBuildPhase;
			buildActionMask = 2147483647;
			files = (
			);
			runOnlyForDeploymentPostprocessing = 0;
		};
/* End PBXResourcesBuildPhase section */

/* Begin PBXSourcesBuildPhase section */
		D7807C2C19F1F8CD0082A3DE /* Sources */ = {
			isa = PBXSourcesBuildPhase;
			buildActionMask = 2147483647;
			files = (
				D7807C3C19F1F8CD0082A3DE /* ViewController.m in Sources */,
				D7807C3919F1F8CD0082A3DE /* AppDelegate.m in Sources */,
				D7807C3619F1F8CD0082A3DE /* main.m in Sources */,
			);
			runOnlyForDeploymentPostprocessing = 0;
		};
		D7807C4519F1F8CD0082A3DE /* Sources */ = {
			isa = PBXSourcesBuildPhase;
			buildActionMask = 2147483647;
			files = (
				D7807C5019F1F8CD0082A3DE /* LoginTests.m in Sources */,
			);
			runOnlyForDeploymentPostprocessing = 0;
		};
/* End PBXSourcesBuildPhase section */

/* Begin PBXTargetDependency section */
		D7807C4B19F1F8CD0082A3DE /* PBXTargetDependency */ = {
			isa = PBXTargetDependency;
			target = D7807C2F19F1F8CD0082A3DE /* Login */;
			targetProxy = D7807C4A19F1F8CD0082A3DE /* PBXContainerItemProxy */;
		};
/* End PBXTargetDependency section */

/* Begin PBXVariantGroup section */
		D7807C3D19F1F8CD0082A3DE /* Main.storyboard */ = {
			isa = PBXVariantGroup;
			children = (
				D7807C3E19F1F8CD0082A3DE /* Base */,
			);
			name = Main.storyboard;
			sourceTree = "<group>";
		};
		D7807C4219F1F8CD0082A3DE /* LaunchScreen.xib */ = {
			isa = PBXVariantGroup;
			children = (
				D7807C4319F1F8CD0082A3DE /* Base */,
			);
			name = LaunchScreen.xib;
			sourceTree = "<group>";
		};
/* End PBXVariantGroup section */

/* Begin XCBuildConfiguration section */
		D7807C5119F1F8CD0082A3DE /* Debug */ = {
			isa = XCBuildConfiguration;
			buildSettings = {
				ALWAYS_SEARCH_USER_PATHS = NO;
				CLANG_CXX_LANGUAGE_STANDARD = "gnu++0x";
				CLANG_CXX_LIBRARY = "libc++";
				CLANG_ENABLE_MODULES = YES;
				CLANG_ENABLE_OBJC_ARC = YES;
				CLANG_WARN_BOOL_CONVERSION = YES;
				CLANG_WARN_CONSTANT_CONVERSION = YES;
				CLANG_WARN_DIRECT_OBJC_ISA_USAGE = YES_ERROR;
				CLANG_WARN_EMPTY_BODY = YES;
				CLANG_WARN_ENUM_CONVERSION = YES;
				CLANG_WARN_INT_CONVERSION = YES;
				CLANG_WARN_OBJC_ROOT_CLASS = YES_ERROR;
				CLANG_WARN_UNREACHABLE_CODE = YES;
				CLANG_WARN__DUPLICATE_METHOD_MATCH = YES;
				"CODE_SIGN_IDENTITY[sdk=iphoneos*]" = "iPhone Developer";
				COPY_PHASE_STRIP = NO;
				ENABLE_STRICT_OBJC_MSGSEND = YES;
				GCC_C_LANGUAGE_STANDARD = gnu99;
				GCC_DYNAMIC_NO_PIC = NO;
				GCC_OPTIMIZATION_LEVEL = 0;
				GCC_PREPROCESSOR_DEFINITIONS = (
					"DEBUG=1",
					"$(inherited)",
				);
				GCC_SYMBOLS_PRIVATE_EXTERN = NO;
				GCC_WARN_64_TO_32_BIT_CONVERSION = YES;
				GCC_WARN_ABOUT_RETURN_TYPE = YES_ERROR;
				GCC_WARN_UNDECLARED_SELECTOR = YES;
				GCC_WARN_UNINITIALIZED_AUTOS = YES_AGGRESSIVE;
				GCC_WARN_UNUSED_FUNCTION = YES;
				GCC_WARN_UNUSED_VARIABLE = YES;
				IPHONEOS_DEPLOYMENT_TARGET = 8.0;
				MTL_ENABLE_DEBUG_INFO = YES;
				ONLY_ACTIVE_ARCH = YES;
				SDKROOT = iphoneos;
			};
			name = Debug;
		};
		D7807C5219F1F8CD0082A3DE /* Release */ = {
			isa = XCBuildConfiguration;
			buildSettings = {
				ALWAYS_SEARCH_USER_PATHS = NO;
				CLANG_CXX_LANGUAGE_STANDARD = "gnu++0x";
				CLANG_CXX_LIBRARY = "libc++";
				CLANG_ENABLE_MODULES = YES;
				CLANG_ENABLE_OBJC_ARC = YES;
				CLANG_WARN_BOOL_CONVERSION = YES;
				CLANG_WARN_CONSTANT_CONVERSION = YES;
				CLANG_WARN_DIRECT_OBJC_ISA_USAGE = YES_ERROR;
				CLANG_WARN_EMPTY_BODY = YES;
				CLANG_WARN_ENUM_CONVERSION = YES;
				CLANG_WARN_INT_CONVERSION = YES;
				CLANG_WARN_OBJC_ROOT_CLASS = YES_ERROR;
				CLANG_WARN_UNREACHABLE_CODE = YES;
				CLANG_WARN__DUPLICATE_METHOD_MATCH = YES;
				"CODE_SIGN_IDENTITY[sdk=iphoneos*]" = "iPhone Developer";
				COPY_PHASE_STRIP = YES;
				ENABLE_NS_ASSERTIONS = NO;
				ENABLE_STRICT_OBJC_MSGSEND = YES;
				GCC_C_LANGUAGE_STANDARD = gnu99;
				GCC_WARN_64_TO_32_BIT_CONVERSION = YES;
				GCC_WARN_ABOUT_RETURN_TYPE = YES_ERROR;
				GCC_WARN_UNDECLARED_SELECTOR = YES;
				GCC_WARN_UNINITIALIZED_AUTOS = YES_AGGRESSIVE;
				GCC_WARN_UNUSED_FUNCTION = YES;
				GCC_WARN_UNUSED_VARIABLE = YES;
				IPHONEOS_DEPLOYMENT_TARGET = 8.0;
				MTL_ENABLE_DEBUG_INFO = NO;
				SDKROOT = iphoneos;
				VALIDATE_PRODUCT = YES;
			};
			name = Release;
		};
		D7807C5419F1F8CD0082A3DE /* Debug */ = {
			isa = XCBuildConfiguration;
			buildSettings = {
				ASSETCATALOG_COMPILER_APPICON_NAME = AppIcon;
				INFOPLIST_FILE = Login/Info.plist;
				LD_RUNPATH_SEARCH_PATHS = "$(inherited) @executable_path/Frameworks";
				PRODUCT_NAME = "$(TARGET_NAME)";
			};
			name = Debug;
		};
		D7807C5519F1F8CD0082A3DE /* Release */ = {
			isa = XCBuildConfiguration;
			buildSettings = {
				ASSETCATALOG_COMPILER_APPICON_NAME = AppIcon;
				INFOPLIST_FILE = Login/Info.plist;
				LD_RUNPATH_SEARCH_PATHS = "$(inherited) @executable_path/Frameworks";
				PRODUCT_NAME = "$(TARGET_NAME)";
			};
			name = Release;
		};
		D7807C5719F1F8CD0082A3DE /* Debug */ = {
			isa = XCBuildConfiguration;
			buildSettings = {
				BUNDLE_LOADER = "$(TEST_HOST)";
				FRAMEWORK_SEARCH_PATHS = (
					"$(SDKROOT)/Developer/Library/Frameworks",
					"$(inherited)",
				);
				GCC_PREPROCESSOR_DEFINITIONS = (
					"DEBUG=1",
					"$(inherited)",
				);
				INFOPLIST_FILE = LoginTests/Info.plist;
				LD_RUNPATH_SEARCH_PATHS = "$(inherited) @executable_path/Frameworks @loader_path/Frameworks";
				PRODUCT_NAME = "$(TARGET_NAME)";
				TEST_HOST = "$(BUILT_PRODUCTS_DIR)/Login.app/Login";
			};
			name = Debug;
		};
		D7807C5819F1F8CD0082A3DE /* Release */ = {
			isa = XCBuildConfiguration;
			buildSettings = {
				BUNDLE_LOADER = "$(TEST_HOST)";
				FRAMEWORK_SEARCH_PATHS = (
					"$(SDKROOT)/Developer/Library/Frameworks",
					"$(inherited)",
				);
				INFOPLIST_FILE = LoginTests/Info.plist;
				LD_RUNPATH_SEARCH_PATHS = "$(inherited) @executable_path/Frameworks @loader_path/Frameworks";
				PRODUCT_NAME = "$(TARGET_NAME)";
				TEST_HOST = "$(BUILT_PRODUCTS_DIR)/Login.app/Login";
			};
			name = Release;
		};
/* End XCBuildConfiguration section */

/* Begin XCConfigurationList section */
		D7807C2B19F1F8CD0082A3DE /* Build configuration list for PBXProject "Login" */ = {
			isa = XCConfigurationList;
			buildConfigurations = (
				D7807C5119F1F8CD0082A3DE /* Debug */,
				D7807C5219F1F8CD0082A3DE /* Release */,
			);
			defaultConfigurationIsVisible = 0;
			defaultConfigurationName = Release;
		};
		D7807C5319F1F8CD0082A3DE /* Build configuration list for PBXNativeTarget "Login" */ = {
			isa = XCConfigurationList;
			buildConfigurations = (
				D7807C5419F1F8CD0082A3DE /* Debug */,
				D7807C5519F1F8CD0082A3DE /* Release */,
			);
			defaultConfigurationIsVisible = 0;
		};
		D7807C5619F1F8CD0082A3DE /* Build configuration list for PBXNativeTarget "LoginTests" */ = {
			isa = XCConfigurationList;
			buildConfigurations = (
				D7807C5719F1F8CD0082A3DE /* Debug */,
				D7807C5819F1F8CD0082A3DE /* Release */,
			);
			defaultConfigurationIsVisible = 0;
		};
/* End XCConfigurationList section */
	};
	rootObject = D7807C2819F1F8CD0082A3DE /* Project object */;
}
